{
  "name": "mooltipath",
  "version": "0.0.1",
  "lockfileVersion": 2,
  "requires": true,
  "packages": {
    "": {
      "version": "0.0.1",
      "license": "AGPL-3.0-or-later",
      "dependencies": {
        "commander": "^8.1.0",
        "shlex": "^2.1.0"
      }
    },
    "node_modules/commander": {
      "version": "8.1.0",
      "resolved": "https://registry.npmjs.org/commander/-/commander-8.1.0.tgz",
      "integrity": "sha512-mf45ldcuHSYShkplHHGKWb4TrmwQadxOn7v4WuhDJy0ZVoY5JFajaRDKD0PNe5qXzBX0rhovjTnP6Kz9LETcuA==",
      "engines": {
        "node": ">= 12"
      }
    },
    "node_modules/shlex": {
      "version": "2.1.0",
      "resolved": "https://registry.npmjs.org/shlex/-/shlex-2.1.0.tgz",
      "integrity": "sha512-Tk8PjohJbWpGu2NtAlsEi/9AS4GU2zW2ZWLFrWRDskZpSJmyBIU3nTkBtocxD90r3w4BwRevsNtIqIP9HMuYiQ=="
    }
  },
  "dependencies": {
    "commander": {
      "version": "8.1.0",
      "resolved": "https://registry.npmjs.org/commander/-/commander-8.1.0.tgz",
      "integrity": "sha512-mf45ldcuHSYShkplHHGKWb4TrmwQadxOn7v4WuhDJy0ZVoY5JFajaRDKD0PNe5qXzBX0rhovjTnP6Kz9LETcuA=="
    },
    "shlex": {
      "version": "2.1.0",
      "resolved": "https://registry.npmjs.org/shlex/-/shlex-2.1.0.tgz",
      "integrity": "sha512-Tk8PjohJbWpGu2NtAlsEi/9AS4GU2zW2ZWLFrWRDskZpSJmyBIU3nTkBtocxD90r3w4BwRevsNtIqIP9HMuYiQ=="
    }
  }
}
