{
  "name": "mooltipath",
  "version": "0.0.1",
  "lockfileVersion": 2,
  "requires": true,
  "packages": {
    "": {
      "version": "0.0.1",
      "license": "AGPL-3.0-or-later",
      "dependencies": {
        "cbor": "^8.0.0",
        "cbor-monorepo": "github:hildjj/node-cbor",
        "commander": "^8.1.0",
        "shlex": "^2.1.0",
        "sortedlist": "^0.3.1"
      }
    },
    "node_modules/cbor": {
      "version": "8.0.0",
      "resolved": "https://registry.npmjs.org/cbor/-/cbor-8.0.0.tgz",
      "integrity": "sha512-nMmaLWbj7+bC6MsApKRIig8h+yjgNLhPLXaCelq5+C7mpWsHgIcseZSdvgexSY5uE1Q3m2uPvIDZwSdxdo7qig==",
      "dependencies": {
        "nofilter": "^3.0.2"
      },
      "engines": {
        "node": ">=12.19"
      }
    },
    "node_modules/cbor-monorepo": {
      "version": "8.0.0",
      "resolved": "git+ssh://git@github.com/hildjj/node-cbor.git#b670b3ab5d39a7ca4a6ea168e12e877721871881",
      "license": "MIT",
      "workspaces": [
        "./packages/*"
      ],
      "dependencies": {
        "nofilter": "^3.0.2"
      },
      "engines": {
        "node": ">=12.19"
      }
    },
    "node_modules/commander": {
      "version": "8.1.0",
      "resolved": "https://registry.npmjs.org/commander/-/commander-8.1.0.tgz",
      "integrity": "sha512-mf45ldcuHSYShkplHHGKWb4TrmwQadxOn7v4WuhDJy0ZVoY5JFajaRDKD0PNe5qXzBX0rhovjTnP6Kz9LETcuA==",
      "engines": {
        "node": ">= 12"
      }
    },
    "node_modules/nofilter": {
      "version": "3.0.3",
      "resolved": "https://registry.npmjs.org/nofilter/-/nofilter-3.0.3.tgz",
      "integrity": "sha512-TN/MCrQmXQk5DyUJ8TGUq1Il8rv4fTsjddLmMopV006QP8DMkglmGgYfQKD5620vXLRXfr8iGI6ZZ4/ZWld2cQ==",
      "engines": {
        "node": ">=12.19"
      }
    },
    "node_modules/shlex": {
      "version": "2.1.0",
      "resolved": "https://registry.npmjs.org/shlex/-/shlex-2.1.0.tgz",
      "integrity": "sha512-Tk8PjohJbWpGu2NtAlsEi/9AS4GU2zW2ZWLFrWRDskZpSJmyBIU3nTkBtocxD90r3w4BwRevsNtIqIP9HMuYiQ=="
    },
    "node_modules/sortedlist": {
      "version": "0.3.1",
      "resolved": "https://registry.npmjs.org/sortedlist/-/sortedlist-0.3.1.tgz",
      "integrity": "sha1-FTbtgLz+Noi2De5YFWoBuyv79dI="
    }
  },
  "dependencies": {
    "cbor": {
      "version": "8.0.0",
      "resolved": "https://registry.npmjs.org/cbor/-/cbor-8.0.0.tgz",
      "integrity": "sha512-nMmaLWbj7+bC6MsApKRIig8h+yjgNLhPLXaCelq5+C7mpWsHgIcseZSdvgexSY5uE1Q3m2uPvIDZwSdxdo7qig==",
      "requires": {
        "nofilter": "^3.0.2"
      }
    },
    "cbor-monorepo": {
      "version": "git+ssh://git@github.com/hildjj/node-cbor.git#b670b3ab5d39a7ca4a6ea168e12e877721871881",
      "from": "cbor-monorepo@github:hildjj/node-cbor",
      "requires": {
        "nofilter": "^3.0.2"
      }
    },
    "commander": {
      "version": "8.1.0",
      "resolved": "https://registry.npmjs.org/commander/-/commander-8.1.0.tgz",
      "integrity": "sha512-mf45ldcuHSYShkplHHGKWb4TrmwQadxOn7v4WuhDJy0ZVoY5JFajaRDKD0PNe5qXzBX0rhovjTnP6Kz9LETcuA=="
    },
    "nofilter": {
      "version": "3.0.3",
      "resolved": "https://registry.npmjs.org/nofilter/-/nofilter-3.0.3.tgz",
      "integrity": "sha512-TN/MCrQmXQk5DyUJ8TGUq1Il8rv4fTsjddLmMopV006QP8DMkglmGgYfQKD5620vXLRXfr8iGI6ZZ4/ZWld2cQ=="
    },
    "shlex": {
      "version": "2.1.0",
      "resolved": "https://registry.npmjs.org/shlex/-/shlex-2.1.0.tgz",
      "integrity": "sha512-Tk8PjohJbWpGu2NtAlsEi/9AS4GU2zW2ZWLFrWRDskZpSJmyBIU3nTkBtocxD90r3w4BwRevsNtIqIP9HMuYiQ=="
    },
    "sortedlist": {
      "version": "0.3.1",
      "resolved": "https://registry.npmjs.org/sortedlist/-/sortedlist-0.3.1.tgz",
      "integrity": "sha1-FTbtgLz+Noi2De5YFWoBuyv79dI="
    }
  }
}
